
Microsoft Visual Studio Solution File, Format Version 12.00
# Visual Studio 15
VisualStudioVersion = 15.0.27130.2036
MinimumVisualStudioVersion = 10.0.40219.1
Project("{FAE04EC0-301F-11D3-BF4B-00C04F79EFBC}") = "MilliSimFormat.SimpleScore", "MilliSimFormat.SimpleScore\MilliSimFormat.SimpleScore.csproj", "{DDF263A8-668D-478F-AF51-E597316E1B40}"
EndProject
Project("{FAE04EC0-301F-11D3-BF4B-00C04F79EFBC}") = "MilliSimFormat.SimpleScore.ConsoleTest", "MilliSimFormat.SimpleScore.ConsoleTest\MilliSimFormat.SimpleScore.ConsoleTest.csproj", "{1FD7EB0F-E1DF-4E93-96C4-D3D13072FA2F}"
EndProject
Project("{FAE04EC0-301F-11D3-BF4B-00C04F79EFBC}") = "MilliSimFormat.SimpleScore.Tests", "MilliSimFormat.SimpleScore.Tests\MilliSimFormat.SimpleScore.Tests.csproj", "{5FB1F551-AA8D-47E8-BC63-1D3A0D93AB72}"
EndProject
Project("{2150E333-8FDC-42A3-9474-1A3956D46DE8}") = "Solution Items", "Solution Items", "{3E975602-2F57-4B7E-92BB-13CACDF94A2D}"
	ProjectSection(SolutionItems) = preProject
		.gitignore = .gitignore
		appveyor.yml = appveyor.yml
		LICENSE.txt = LICENSE.txt
		README.md = README.md
	EndProjectSection
EndProject
Project("{FAE04EC0-301F-11D3-BF4B-00C04F79EFBC}") = "MilliSimFormat.SimpleScore.ToExportedScrobj", "MilliSimFormat.SimpleScore.ToExportedScrobj\MilliSimFormat.SimpleScore.ToExportedScrobj.csproj", "{F56F9EF7-6FD6-4B7A-BC88-1FEF6F879077}"
EndProject
Global
	GlobalSection(SolutionConfigurationPlatforms) = preSolution
		Debug|Any CPU = Debug|Any CPU
		Release|Any CPU = Release|Any CPU
	EndGlobalSection
	GlobalSection(ProjectConfigurationPlatforms) = postSolution
		{DDF263A8-668D-478F-AF51-E597316E1B40}.Debug|Any CPU.ActiveCfg = Debug|Any CPU
		{DDF263A8-668D-478F-AF51-E597316E1B40}.Debug|Any CPU.Build.0 = Debug|Any CPU
		{DDF263A8-668D-478F-AF51-E597316E1B40}.Release|Any CPU.ActiveCfg = Release|Any CPU
		{DDF263A8-668D-478F-AF51-E597316E1B40}.Release|Any CPU.Build.0 = Release|Any CPU
		{1FD7EB0F-E1DF-4E93-96C4-D3D13072FA2F}.Debug|Any CPU.ActiveCfg = Debug|Any CPU
		{1FD7EB0F-E1DF-4E93-96C4-D3D13072FA2F}.Debug|Any CPU.Build.0 = Debug|Any CPU
		{1FD7EB0F-E1DF-4E93-96C4-D3D13072FA2F}.Release|Any CPU.ActiveCfg = Release|Any CPU
		{1FD7EB0F-E1DF-4E93-96C4-D3D13072FA2F}.Release|Any CPU.Build.0 = Release|Any CPU
		{5FB1F551-AA8D-47E8-BC63-1D3A0D93AB72}.Debug|Any CPU.ActiveCfg = Debug|Any CPU
		{5FB1F551-AA8D-47E8-BC63-1D3A0D93AB72}.Debug|Any CPU.Build.0 = Debug|Any CPU
		{5FB1F551-AA8D-47E8-BC63-1D3A0D93AB72}.Release|Any CPU.ActiveCfg = Release|Any CPU
		{5FB1F551-AA8D-47E8-BC63-1D3A0D93AB72}.Release|Any CPU.Build.0 = Release|Any CPU
		{F56F9EF7-6FD6-4B7A-BC88-1FEF6F879077}.Debug|Any CPU.ActiveCfg = Debug|Any CPU
		{F56F9EF7-6FD6-4B7A-BC88-1FEF6F879077}.Debug|Any CPU.Build.0 = Debug|Any CPU
		{F56F9EF7-6FD6-4B7A-BC88-1FEF6F879077}.Release|Any CPU.ActiveCfg = Release|Any CPU
		{F56F9EF7-6FD6-4B7A-BC88-1FEF6F879077}.Release|Any CPU.Build.0 = Release|Any CPU
	EndGlobalSection
	GlobalSection(SolutionProperties) = preSolution
		HideSolutionNode = FALSE
	EndGlobalSection
	GlobalSection(ExtensibilityGlobals) = postSolution
		SolutionGuid = {CB7F7B9C-3A08-47AD-926C-73990AD677AF}
	EndGlobalSection
EndGlobal
